
Microsoft Visual Studio Solution File, Format Version 12.00
# Visual Studio 15
VisualStudioVersion = 15.0.28010.2046
MinimumVisualStudioVersion = 10.0.40219.1
Project("{FAE04EC0-301F-11D3-BF4B-00C04F79EFBC}") = "Sudoku", "Sudoku\Sudoku.csproj", "{C65D5444-1637-4744-85ED-1748F9FD491B}"
EndProject
Global
	GlobalSection(SolutionConfigurationPlatforms) = preSolution
		Debug|Any CPU = Debug|Any CPU
		Release|Any CPU = Release|Any CPU
	EndGlobalSection
	GlobalSection(ProjectConfigurationPlatforms) = postSolution
		{C65D5444-1637-4744-85ED-1748F9FD491B}.Debug|Any CPU.ActiveCfg = Debug|Any CPU
		{C65D5444-1637-4744-85ED-1748F9FD491B}.Debug|Any CPU.Build.0 = Debug|Any CPU
		{C65D5444-1637-4744-85ED-1748F9FD491B}.Release|Any CPU.ActiveCfg = Release|Any CPU
		{C65D5444-1637-4744-85ED-1748F9FD491B}.Release|Any CPU.Build.0 = Release|Any CPU
	EndGlobalSection
	GlobalSection(SolutionProperties) = preSolution
		HideSolutionNode = FALSE
	EndGlobalSection
	GlobalSection(ExtensibilityGlobals) = postSolution
		SolutionGuid = {E9335F48-CE84-4653-94A9-297D72A641B5}
	EndGlobalSection
EndGlobal
